github.com/gorilla/websocket v1.4.0 h1:WDFjx/TMzVgy9VdMMQi2K2Emtwi2QcUQsztZ/zLaH/Q=
github.com/gorilla/websocket v1.4.0/go.mod h1:E7qHFY5m1UJ88s3WnNqhKjPHQ0heANvMoAMk2YaljkQ=
github.com/tevino/abool v0.0.0-20170917061928-9b9efcf221b5 h1:hNna6Fi0eP1f2sMBe/rJicDmaHmoXGe1Ta84FPYHLuE=
github.com/tevino/abool v0.0.0-20170917061928-9b9efcf221b5/go.mod h1:f1SCnEOt6sc3fOJfPQDRDzHOtSXuTtnz0ImG9kPRDV0=
