github.com/lxn/win v0.0.0-20190529120726-270e6e4be94d h1:SJyuddpDtiXMTcJmzC0OuphQdSZCabKW4iQWSE9FFR4=
github.com/lxn/win v0.0.0-20190529120726-270e6e4be94d/go.mod h1:oO6+4g3P1GcPAG7LPffwn8Ye0cxW0goh0sUZ6+lRFPs=
github.com/sciter-sdk/go-sciter v0.5.0 h1:A0gESvTFZR/yMFkWnQ4tFVUdsSchuShNGr25QodE8gQ=
github.com/sciter-sdk/go-sciter v0.5.0/go.mod h1:myhbEunWE4R+6J7GxJsr4SU4q0OIMOEbWFJ2qYzIdPc=
golang.org/x/sys v0.0.0-20190602015325-4c4f7f33c9ed h1:uPxWBzB3+mlnjy9W58qY1j/cjyFjutgw/Vhan2zLy/A=
golang.org/x/sys v0.0.0-20190602015325-4c4f7f33c9ed/go.mod h1:h1NjWce9XRLGQEsW7wpKNCjG9DtNlClVuFLEZdDNbEs=
